
Microsoft Visual Studio Solution File, Format Version 12.00
# Visual Studio Version 17
VisualStudioVersion = 17.9.34728.123
MinimumVisualStudioVersion = 10.0.40219.1
Project("{FAE04EC0-301F-11D3-BF4B-00C04F79EFBC}") = "Paso3_Ejercicio#3", "Paso3_Ejercicio#3\Paso3_Ejercicio#3.csproj", "{9B4796EF-EE0C-4D32-8617-96D4EBEE564B}"
EndProject
Global
	GlobalSection(SolutionConfigurationPlatforms) = preSolution
		Debug|Any CPU = Debug|Any CPU
		Release|Any CPU = Release|Any CPU
	EndGlobalSection
	GlobalSection(ProjectConfigurationPlatforms) = postSolution
		{9B4796EF-EE0C-4D32-8617-96D4EBEE564B}.Debug|Any CPU.ActiveCfg = Debug|Any CPU
		{9B4796EF-EE0C-4D32-8617-96D4EBEE564B}.Debug|Any CPU.Build.0 = Debug|Any CPU
		{9B4796EF-EE0C-4D32-8617-96D4EBEE564B}.Release|Any CPU.ActiveCfg = Release|Any CPU
		{9B4796EF-EE0C-4D32-8617-96D4EBEE564B}.Release|Any CPU.Build.0 = Release|Any CPU
	EndGlobalSection
	GlobalSection(SolutionProperties) = preSolution
		HideSolutionNode = FALSE
	EndGlobalSection
	GlobalSection(ExtensibilityGlobals) = postSolution
		SolutionGuid = {7273D405-9A3B-4DB3-9548-CA87B85531A7}
	EndGlobalSection
EndGlobal
